{
  "object": {
    "pins": [
      {
        "package": "GM",
        "repositoryURL": "https://github.com/shaokui-gu/GM.git",
        "state": {
          "branch": "main",
          "revision": "7413e9a48916b22475665127ff0ecd22b72addcc",
          "version": null
        }
      },
      {
        "package": "OpenUDID",
        "repositoryURL": "https://github.com/shaokui-gu/OpenUDID.git",
        "state": {
          "branch": null,
          "revision": "6ce92d2d9e47ea78626f44196ef861903c75af1c",
          "version": "1.0.1"
        }
      },
      {
        "package": "SnapKit",
        "repositoryURL": "https://github.com/SnapKit/SnapKit.git",
        "state": {
          "branch": null,
          "revision": "d458564516e5676af9c70b4f4b2a9178294f1bc6",
          "version": "5.0.1"
        }
      }
    ]
  },
  "version": 1
}
